
Microsoft Visual Studio Solution File, Format Version 12.00
# Visual Studio Version 17
VisualStudioVersion = 17.0.32014.148
MinimumVisualStudioVersion = 10.0.40219.1
Project("{00D1A9C2-B5F0-4AF3-8072-F6C62B433612}") = "BbPerformanceTrackerDb", "BbPerformanceTrackerDb\BbPerformanceTrackerDb.sqlproj", "{AD058BAC-DA16-48E4-AC61-6803BEBD224B}"
EndProject
Project("{9A19103F-16F7-4668-BE54-9A1E7A4F7556}") = "APILibrary", "ClassLibrary\APILibrary.csproj", "{711F0D1B-17E6-441D-9573-9E3534FC87CA}"
EndProject
Project("{9A19103F-16F7-4668-BE54-9A1E7A4F7556}") = "API", "API\API.csproj", "{6683BD78-1A9A-4777-A161-F62FE30580AE}"
EndProject
Project("{2150E333-8FDC-42A3-9474-1A3956D46DE8}") = "Solution Items", "Solution Items", "{61906E70-09ED-460F-844D-5DA16FC3CE8C}"
	ProjectSection(SolutionItems) = preProject
		.editorconfig = .editorconfig
	EndProjectSection
EndProject
Project("{9A19103F-16F7-4668-BE54-9A1E7A4F7556}") = "BbPerformanceTracker.Tests", "BbPerformanceTracker.UnitTests\BbPerformanceTracker.Tests.csproj", "{656CCF25-DD28-4E65-994A-019789A0241C}"
EndProject
Project("{9A19103F-16F7-4668-BE54-9A1E7A4F7556}") = "BlazorApp", "BlazorApp\BlazorApp.csproj", "{1816B8E5-B11B-4EDF-AE88-086B2D07129B}"
EndProject
Project("{9A19103F-16F7-4668-BE54-9A1E7A4F7556}") = "ClientLibrary", "ClientLibrary\ClientLibrary.csproj", "{D00E10A6-B14D-462E-912E-233C08D41484}"
EndProject
Global
	GlobalSection(SolutionConfigurationPlatforms) = preSolution
		Debug|Any CPU = Debug|Any CPU
		Release|Any CPU = Release|Any CPU
	EndGlobalSection
	GlobalSection(ProjectConfigurationPlatforms) = postSolution
		{AD058BAC-DA16-48E4-AC61-6803BEBD224B}.Debug|Any CPU.ActiveCfg = Debug|Any CPU
		{AD058BAC-DA16-48E4-AC61-6803BEBD224B}.Debug|Any CPU.Deploy.0 = Debug|Any CPU
		{AD058BAC-DA16-48E4-AC61-6803BEBD224B}.Release|Any CPU.ActiveCfg = Release|Any CPU
		{AD058BAC-DA16-48E4-AC61-6803BEBD224B}.Release|Any CPU.Deploy.0 = Release|Any CPU
		{711F0D1B-17E6-441D-9573-9E3534FC87CA}.Debug|Any CPU.ActiveCfg = Debug|Any CPU
		{711F0D1B-17E6-441D-9573-9E3534FC87CA}.Debug|Any CPU.Build.0 = Debug|Any CPU
		{711F0D1B-17E6-441D-9573-9E3534FC87CA}.Release|Any CPU.ActiveCfg = Release|Any CPU
		{711F0D1B-17E6-441D-9573-9E3534FC87CA}.Release|Any CPU.Build.0 = Release|Any CPU
		{6683BD78-1A9A-4777-A161-F62FE30580AE}.Debug|Any CPU.ActiveCfg = Debug|Any CPU
		{6683BD78-1A9A-4777-A161-F62FE30580AE}.Debug|Any CPU.Build.0 = Debug|Any CPU
		{6683BD78-1A9A-4777-A161-F62FE30580AE}.Release|Any CPU.ActiveCfg = Release|Any CPU
		{6683BD78-1A9A-4777-A161-F62FE30580AE}.Release|Any CPU.Build.0 = Release|Any CPU
		{656CCF25-DD28-4E65-994A-019789A0241C}.Debug|Any CPU.ActiveCfg = Debug|Any CPU
		{656CCF25-DD28-4E65-994A-019789A0241C}.Debug|Any CPU.Build.0 = Debug|Any CPU
		{656CCF25-DD28-4E65-994A-019789A0241C}.Release|Any CPU.ActiveCfg = Release|Any CPU
		{656CCF25-DD28-4E65-994A-019789A0241C}.Release|Any CPU.Build.0 = Release|Any CPU
		{1816B8E5-B11B-4EDF-AE88-086B2D07129B}.Debug|Any CPU.ActiveCfg = Debug|Any CPU
		{1816B8E5-B11B-4EDF-AE88-086B2D07129B}.Debug|Any CPU.Build.0 = Debug|Any CPU
		{1816B8E5-B11B-4EDF-AE88-086B2D07129B}.Release|Any CPU.ActiveCfg = Release|Any CPU
		{1816B8E5-B11B-4EDF-AE88-086B2D07129B}.Release|Any CPU.Build.0 = Release|Any CPU
		{D00E10A6-B14D-462E-912E-233C08D41484}.Debug|Any CPU.ActiveCfg = Debug|Any CPU
		{D00E10A6-B14D-462E-912E-233C08D41484}.Debug|Any CPU.Build.0 = Debug|Any CPU
		{D00E10A6-B14D-462E-912E-233C08D41484}.Release|Any CPU.ActiveCfg = Release|Any CPU
		{D00E10A6-B14D-462E-912E-233C08D41484}.Release|Any CPU.Build.0 = Release|Any CPU
	EndGlobalSection
	GlobalSection(SolutionProperties) = preSolution
		HideSolutionNode = FALSE
	EndGlobalSection
	GlobalSection(ExtensibilityGlobals) = postSolution
		SolutionGuid = {DC920063-2D56-4CFF-8383-74201CBB3D3D}
	EndGlobalSection
EndGlobal
